
Microsoft Visual Studio Solution File, Format Version 12.00
# Visual Studio Version 17
VisualStudioVersion = 17.5.33424.131
MinimumVisualStudioVersion = 10.0.40219.1
Project("{9A19103F-16F7-4668-BE54-9A1E7A4F7556}") = "Auth.API", "Auth.API\Auth.API.csproj", "{57C1ADF6-5734-48AA-AB2F-893BFF3A03D6}"
EndProject
Project("{9A19103F-16F7-4668-BE54-9A1E7A4F7556}") = "Movie.API", "Movie.API\Movie.API.csproj", "{0B791742-5F2B-4F3E-8B46-C390047CA896}"
EndProject
Project("{9A19103F-16F7-4668-BE54-9A1E7A4F7556}") = "Ticket.API", "Ticket.API\Ticket.API.csproj", "{18646216-52B5-4237-92F4-7A89EBA58FBD}"
EndProject
Project("{9A19103F-16F7-4668-BE54-9A1E7A4F7556}") = "Shared", "Shared\Shared.csproj", "{C98D051E-FD06-4AA8-8E5D-C3D70CE25C24}"
EndProject
Project("{2150E333-8FDC-42A3-9474-1A3956D46DE8}") = "src", "src", "{5F1C26A8-C781-4279-BC02-28F7362C748F}"
EndProject
Project("{2150E333-8FDC-42A3-9474-1A3956D46DE8}") = "tests", "tests", "{C6F49B48-8653-4BB3-B640-DDD2311C0DCC}"
EndProject
Project("{2150E333-8FDC-42A3-9474-1A3956D46DE8}") = "api", "api", "{FF650EE9-08F0-432F-906C-7E8B907224D3}"
EndProject
Project("{2150E333-8FDC-42A3-9474-1A3956D46DE8}") = "libraries", "libraries", "{7956BCB9-63A9-4A77-8304-5C4F69DEFB2E}"
EndProject
Global
	GlobalSection(SolutionConfigurationPlatforms) = preSolution
		Debug|Any CPU = Debug|Any CPU
		Release|Any CPU = Release|Any CPU
	EndGlobalSection
	GlobalSection(ProjectConfigurationPlatforms) = postSolution
		{57C1ADF6-5734-48AA-AB2F-893BFF3A03D6}.Debug|Any CPU.ActiveCfg = Debug|Any CPU
		{57C1ADF6-5734-48AA-AB2F-893BFF3A03D6}.Debug|Any CPU.Build.0 = Debug|Any CPU
		{57C1ADF6-5734-48AA-AB2F-893BFF3A03D6}.Release|Any CPU.ActiveCfg = Release|Any CPU
		{57C1ADF6-5734-48AA-AB2F-893BFF3A03D6}.Release|Any CPU.Build.0 = Release|Any CPU
		{0B791742-5F2B-4F3E-8B46-C390047CA896}.Debug|Any CPU.ActiveCfg = Debug|Any CPU
		{0B791742-5F2B-4F3E-8B46-C390047CA896}.Debug|Any CPU.Build.0 = Debug|Any CPU
		{0B791742-5F2B-4F3E-8B46-C390047CA896}.Release|Any CPU.ActiveCfg = Release|Any CPU
		{0B791742-5F2B-4F3E-8B46-C390047CA896}.Release|Any CPU.Build.0 = Release|Any CPU
		{18646216-52B5-4237-92F4-7A89EBA58FBD}.Debug|Any CPU.ActiveCfg = Debug|Any CPU
		{18646216-52B5-4237-92F4-7A89EBA58FBD}.Debug|Any CPU.Build.0 = Debug|Any CPU
		{18646216-52B5-4237-92F4-7A89EBA58FBD}.Release|Any CPU.ActiveCfg = Release|Any CPU
		{18646216-52B5-4237-92F4-7A89EBA58FBD}.Release|Any CPU.Build.0 = Release|Any CPU
		{C98D051E-FD06-4AA8-8E5D-C3D70CE25C24}.Debug|Any CPU.ActiveCfg = Debug|Any CPU
		{C98D051E-FD06-4AA8-8E5D-C3D70CE25C24}.Debug|Any CPU.Build.0 = Debug|Any CPU
		{C98D051E-FD06-4AA8-8E5D-C3D70CE25C24}.Release|Any CPU.ActiveCfg = Release|Any CPU
		{C98D051E-FD06-4AA8-8E5D-C3D70CE25C24}.Release|Any CPU.Build.0 = Release|Any CPU
	EndGlobalSection
	GlobalSection(SolutionProperties) = preSolution
		HideSolutionNode = FALSE
	EndGlobalSection
	GlobalSection(NestedProjects) = preSolution
		{57C1ADF6-5734-48AA-AB2F-893BFF3A03D6} = {FF650EE9-08F0-432F-906C-7E8B907224D3}
		{0B791742-5F2B-4F3E-8B46-C390047CA896} = {FF650EE9-08F0-432F-906C-7E8B907224D3}
		{18646216-52B5-4237-92F4-7A89EBA58FBD} = {FF650EE9-08F0-432F-906C-7E8B907224D3}
		{C98D051E-FD06-4AA8-8E5D-C3D70CE25C24} = {7956BCB9-63A9-4A77-8304-5C4F69DEFB2E}
		{FF650EE9-08F0-432F-906C-7E8B907224D3} = {5F1C26A8-C781-4279-BC02-28F7362C748F}
		{7956BCB9-63A9-4A77-8304-5C4F69DEFB2E} = {5F1C26A8-C781-4279-BC02-28F7362C748F}
	EndGlobalSection
	GlobalSection(ExtensibilityGlobals) = postSolution
		SolutionGuid = {CF9796DD-3657-4D58-9C3F-3BEB25AF27DF}
	EndGlobalSection
EndGlobal
